// !$*UTF8*$!
{
	archiveVersion = 1;
	classes = {
	};
	objectVersion = 46;
	objects = {

/* Begin PBXBuildFile section */
		2204695D1C7BF32200873A09 /* AppDelegate.swift in Sources */ = {isa = PBXBuildFile; fileRef = 2204695C1C7BF32200873A09 /* AppDelegate.swift */; };
		2204695F1C7BF32200873A09 /* ViewController.swift in Sources */ = {isa = PBXBuildFile; fileRef = 2204695E1C7BF32200873A09 /* ViewController.swift */; };
		220469621C7BF32200873A09 /* Main.storyboard in Resources */ = {isa = PBXBuildFile; fileRef = 220469601C7BF32200873A09 /* Main.storyboard */; };
		220469641C7BF32200873A09 /* Assets.xcassets in Resources */ = {isa = PBXBuildFile; fileRef = 220469631C7BF32200873A09 /* Assets.xcassets */; };
		220469671C7BF32200873A09 /* LaunchScreen.storyboard in Resources */ = {isa = PBXBuildFile; fileRef = 220469651C7BF32200873A09 /* LaunchScreen.storyboard */; };
/* End PBXBuildFile section */

/* Begin PBXFileReference section */
		220469591C7BF32200873A09 /* SnoozeFighter.app */ = {isa = PBXFileReference; explicitFileType = wrapper.application; includeInIndex = 0; path = SnoozeFighter.app; sourceTree = BUILT_PRODUCTS_DIR; };
		2204695C1C7BF32200873A09 /* AppDelegate.swift */ = {isa = PBXFileReference; lastKnownFileType = sourcecode.swift; path = AppDelegate.swift; sourceTree = "<group>"; };
		2204695E1C7BF32200873A09 /* ViewController.swift */ = {isa = PBXFileReference; lastKnownFileType = sourcecode.swift; path = ViewController.swift; sourceTree = "<group>"; };
		220469611C7BF32200873A09 /* Base */ = {isa = PBXFileReference; lastKnownFileType = file.storyboard; name = Base; path = Base.lproj/Main.storyboard; sourceTree = "<group>"; };
		220469631C7BF32200873A09 /* Assets.xcassets */ = {isa = PBXFileReference; lastKnownFileType = folder.assetcatalog; path = Assets.xcassets; sourceTree = "<group>"; };
		220469661C7BF32200873A09 /* Base */ = {isa = PBXFileReference; lastKnownFileType = file.storyboard; name = Base; path = Base.lproj/LaunchScreen.storyboard; sourceTree = "<group>"; };
		220469681C7BF32200873A09 /* Info.plist */ = {isa = PBXFileReference; lastKnownFileType = text.plist.xml; path = Info.plist; sourceTree = "<group>"; };
/* End PBXFileReference section */

/* Begin PBXFrameworksBuildPhase section */
		220469561C7BF32200873A09 /* Frameworks */ = {
			isa = PBXFrameworksBuildPhase;
			buildActionMask = 2147483647;
			files = (
			);
			runOnlyForDeploymentPostprocessing = 0;
		};
/* End PBXFrameworksBuildPhase section */

/* Begin PBXGroup section */
		220469501C7BF32200873A09 = {
			isa = PBXGroup;
			children = (
				2204695B1C7BF32200873A09 /* SnoozeFighter */,
				2204695A1C7BF32200873A09 /* Products */,
			);
			sourceTree = "<group>";
		};
		2204695A1C7BF32200873A09 /* Products */ = {
			isa = PBXGroup;
			children = (
				220469591C7BF32200873A09 /* SnoozeFighter.app */,
			);
			name = Products;
			sourceTree = "<group>";
		};
		2204695B1C7BF32200873A09 /* SnoozeFighter */ = {
			isa = PBXGroup;
			children = (
				2204695C1C7BF32200873A09 /* AppDelegate.swift */,
				2204696E1C7BF3DA00873A09 /* Utils */,
				220469721C7BF40D00873A09 /* Models */,
				220469711C7BF3F700873A09 /* ViewControllers */,
				220469701C7BF3F100873A09 /* Storyboards */,
				2204696F1C7BF3E200873A09 /* Views */,
				220469631C7BF32200873A09 /* Assets.xcassets */,
				220469681C7BF32200873A09 /* Info.plist */,
			);
			path = SnoozeFighter;
			sourceTree = "<group>";
		};
		2204696E1C7BF3DA00873A09 /* Utils */ = {
			isa = PBXGroup;
			children = (
			);
			name = Utils;
			sourceTree = "<group>";
		};
		2204696F1C7BF3E200873A09 /* Views */ = {
			isa = PBXGroup;
			children = (
			);
			name = Views;
			sourceTree = "<group>";
		};
		220469701C7BF3F100873A09 /* Storyboards */ = {
			isa = PBXGroup;
			children = (
				220469651C7BF32200873A09 /* LaunchScreen.storyboard */,
				220469601C7BF32200873A09 /* Main.storyboard */,
			);
			name = Storyboards;
			sourceTree = "<group>";
		};
		220469711C7BF3F700873A09 /* ViewControllers */ = {
			isa = PBXGroup;
			children = (
				2204695E1C7BF32200873A09 /* ViewController.swift */,
			);
			name = ViewControllers;
			sourceTree = "<group>";
		};
		220469721C7BF40D00873A09 /* Models */ = {
			isa = PBXGroup;
			children = (
			);
			name = Models;
			sourceTree = "<group>";
		};
/* End PBXGroup section */

/* Begin PBXNativeTarget section */
		220469581C7BF32200873A09 /* SnoozeFighter */ = {
			isa = PBXNativeTarget;
			buildConfigurationList = 2204696B1C7BF32200873A09 /* Build configuration list for PBXNativeTarget "SnoozeFighter" */;
			buildPhases = (
				220469551C7BF32200873A09 /* Sources */,
				220469561C7BF32200873A09 /* Frameworks */,
				220469571C7BF32200873A09 /* Resources */,
			);
			buildRules = (
			);
			dependencies = (
			);
			name = SnoozeFighter;
			productName = SnoozeFighter;
			productReference = 220469591C7BF32200873A09 /* SnoozeFighter.app */;
			productType = "com.apple.product-type.application";
		};
/* End PBXNativeTarget section */

/* Begin PBXProject section */
		220469511C7BF32200873A09 /* Project object */ = {
			isa = PBXProject;
			attributes = {
				LastSwiftUpdateCheck = 0720;
				LastUpgradeCheck = 0720;
				ORGANIZATIONNAME = "Tim Havelka";
				TargetAttributes = {
					220469581C7BF32200873A09 = {
						CreatedOnToolsVersion = 7.2.1;
						DevelopmentTeam = WUKE5RQC9N;
					};
				};
			};
			buildConfigurationList = 220469541C7BF32200873A09 /* Build configuration list for PBXProject "SnoozeFighter" */;
			compatibilityVersion = "Xcode 3.2";
			developmentRegion = English;
			hasScannedForEncodings = 0;
			knownRegions = (
				en,
				Base,
			);
			mainGroup = 220469501C7BF32200873A09;
			productRefGroup = 2204695A1C7BF32200873A09 /* Products */;
			projectDirPath = "";
			projectRoot = "";
			targets = (
				220469581C7BF32200873A09 /* SnoozeFighter */,
			);
		};
/* End PBXProject section */

/* Begin PBXResourcesBuildPhase section */
		220469571C7BF32200873A09 /* Resources */ = {
			isa = PBXResourcesBuildPhase;
			buildActionMask = 2147483647;
			files = (
				220469671C7BF32200873A09 /* LaunchScreen.storyboard in Resources */,
				220469641C7BF32200873A09 /* Assets.xcassets in Resources */,
				220469621C7BF32200873A09 /* Main.storyboard in Resources */,
			);
			runOnlyForDeploymentPostprocessing = 0;
		};
/* End PBXResourcesBuildPhase section */

/* Begin PBXSourcesBuildPhase section */
		220469551C7BF32200873A09 /* Sources */ = {
			isa = PBXSourcesBuildPhase;
			buildActionMask = 2147483647;
			files = (
				2204695F1C7BF32200873A09 /* ViewController.swift in Sources */,
				2204695D1C7BF32200873A09 /* AppDelegate.swift in Sources */,
			);
			runOnlyForDeploymentPostprocessing = 0;
		};
/* End PBXSourcesBuildPhase section */

/* Begin PBXVariantGroup section */
		220469601C7BF32200873A09 /* Main.storyboard */ = {
			isa = PBXVariantGroup;
			children = (
				220469611C7BF32200873A09 /* Base */,
			);
			name = Main.storyboard;
			sourceTree = "<group>";
		};
		220469651C7BF32200873A09 /* LaunchScreen.storyboard */ = {
			isa = PBXVariantGroup;
			children = (
				220469661C7BF32200873A09 /* Base */,
			);
			name = LaunchScreen.storyboard;
			sourceTree = "<group>";
		};
/* End PBXVariantGroup section */

/* Begin XCBuildConfiguration section */
		220469691C7BF32200873A09 /* Debug */ = {
			isa = XCBuildConfiguration;
			buildSettings = {
				ALWAYS_SEARCH_USER_PATHS = NO;
				CLANG_CXX_LANGUAGE_STANDARD = "gnu++0x";
				CLANG_CXX_LIBRARY = "libc++";
				CLANG_ENABLE_MODULES = YES;
				CLANG_ENABLE_OBJC_ARC = YES;
				CLANG_WARN_BOOL_CONVERSION = YES;
				CLANG_WARN_CONSTANT_CONVERSION = YES;
				CLANG_WARN_DIRECT_OBJC_ISA_USAGE = YES_ERROR;
				CLANG_WARN_EMPTY_BODY = YES;
				CLANG_WARN_ENUM_CONVERSION = YES;
				CLANG_WARN_INT_CONVERSION = YES;
				CLANG_WARN_OBJC_ROOT_CLASS = YES_ERROR;
				CLANG_WARN_UNREACHABLE_CODE = YES;
				CLANG_WARN__DUPLICATE_METHOD_MATCH = YES;
				"CODE_SIGN_IDENTITY[sdk=iphoneos*]" = "iPhone Developer";
				COPY_PHASE_STRIP = NO;
				DEBUG_INFORMATION_FORMAT = dwarf;
				ENABLE_STRICT_OBJC_MSGSEND = YES;
				ENABLE_TESTABILITY = YES;
				GCC_C_LANGUAGE_STANDARD = gnu99;
				GCC_DYNAMIC_NO_PIC = NO;
				GCC_NO_COMMON_BLOCKS = YES;
				GCC_OPTIMIZATION_LEVEL = 0;
				GCC_PREPROCESSOR_DEFINITIONS = (
					"DEBUG=1",
					"$(inherited)",
				);
				GCC_WARN_64_TO_32_BIT_CONVERSION = YES;
				GCC_WARN_ABOUT_RETURN_TYPE = YES_ERROR;
				GCC_WARN_UNDECLARED_SELECTOR = YES;
				GCC_WARN_UNINITIALIZED_AUTOS = YES_AGGRESSIVE;
				GCC_WARN_UNUSED_FUNCTION = YES;
				GCC_WARN_UNUSED_VARIABLE = YES;
				IPHONEOS_DEPLOYMENT_TARGET = 9.2;
				MTL_ENABLE_DEBUG_INFO = YES;
				ONLY_ACTIVE_ARCH = YES;
				SDKROOT = iphoneos;
				SWIFT_OPTIMIZATION_LEVEL = "-Onone";
			};
			name = Debug;
		};
		2204696A1C7BF32200873A09 /* Release */ = {
			isa = XCBuildConfiguration;
			buildSettings = {
				ALWAYS_SEARCH_USER_PATHS = NO;
				CLANG_CXX_LANGUAGE_STANDARD = "gnu++0x";
				CLANG_CXX_LIBRARY = "libc++";
				CLANG_ENABLE_MODULES = YES;
				CLANG_ENABLE_OBJC_ARC = YES;
				CLANG_WARN_BOOL_CONVERSION = YES;
				CLANG_WARN_CONSTANT_CONVERSION = YES;
				CLANG_WARN_DIRECT_OBJC_ISA_USAGE = YES_ERROR;
				CLANG_WARN_EMPTY_BODY = YES;
				CLANG_WARN_ENUM_CONVERSION = YES;
				CLANG_WARN_INT_CONVERSION = YES;
				CLANG_WARN_OBJC_ROOT_CLASS = YES_ERROR;
				CLANG_WARN_UNREACHABLE_CODE = YES;
				CLANG_WARN__DUPLICATE_METHOD_MATCH = YES;
				"CODE_SIGN_IDENTITY[sdk=iphoneos*]" = "iPhone Developer";
				COPY_PHASE_STRIP = NO;
				DEBUG_INFORMATION_FORMAT = "dwarf-with-dsym";
				ENABLE_NS_ASSERTIONS = NO;
				ENABLE_STRICT_OBJC_MSGSEND = YES;
				GCC_C_LANGUAGE_STANDARD = gnu99;
				GCC_NO_COMMON_BLOCKS = YES;
				GCC_WARN_64_TO_32_BIT_CONVERSION = YES;
				GCC_WARN_ABOUT_RETURN_TYPE = YES_ERROR;
				GCC_WARN_UNDECLARED_SELECTOR = YES;
				GCC_WARN_UNINITIALIZED_AUTOS = YES_AGGRESSIVE;
				GCC_WARN_UNUSED_FUNCTION = YES;
				GCC_WARN_UNUSED_VARIABLE = YES;
				IPHONEOS_DEPLOYMENT_TARGET = 9.2;
				MTL_ENABLE_DEBUG_INFO = NO;
				SDKROOT = iphoneos;
				VALIDATE_PRODUCT = YES;
			};
			name = Release;
		};
		2204696C1C7BF32200873A09 /* Debug */ = {
			isa = XCBuildConfiguration;
			buildSettings = {
				ASSETCATALOG_COMPILER_APPICON_NAME = AppIcon;
				CODE_SIGN_IDENTITY = "iPhone Developer";
				INFOPLIST_FILE = SnoozeFighter/Info.plist;
				LD_RUNPATH_SEARCH_PATHS = "$(inherited) @executable_path/Frameworks";
				PRODUCT_BUNDLE_IDENTIFIER = com.thavelka.SnoozeFighter;
				PRODUCT_NAME = "$(TARGET_NAME)";
			};
			name = Debug;
		};
		2204696D1C7BF32200873A09 /* Release */ = {
			isa = XCBuildConfiguration;
			buildSettings = {
				ASSETCATALOG_COMPILER_APPICON_NAME = AppIcon;
				CODE_SIGN_IDENTITY = "iPhone Developer";
				INFOPLIST_FILE = SnoozeFighter/Info.plist;
				LD_RUNPATH_SEARCH_PATHS = "$(inherited) @executable_path/Frameworks";
				PRODUCT_BUNDLE_IDENTIFIER = com.thavelka.SnoozeFighter;
				PRODUCT_NAME = "$(TARGET_NAME)";
			};
			name = Release;
		};
/* End XCBuildConfiguration section */

/* Begin XCConfigurationList section */
		220469541C7BF32200873A09 /* Build configuration list for PBXProject "SnoozeFighter" */ = {
			isa = XCConfigurationList;
			buildConfigurations = (
				220469691C7BF32200873A09 /* Debug */,
				2204696A1C7BF32200873A09 /* Release */,
			);
			defaultConfigurationIsVisible = 0;
			defaultConfigurationName = Release;
		};
		2204696B1C7BF32200873A09 /* Build configuration list for PBXNativeTarget "SnoozeFighter" */ = {
			isa = XCConfigurationList;
			buildConfigurations = (
				2204696C1C7BF32200873A09 /* Debug */,
				2204696D1C7BF32200873A09 /* Release */,
			);
			defaultConfigurationIsVisible = 0;
		};
/* End XCConfigurationList section */
	};
	rootObject = 220469511C7BF32200873A09 /* Project object */;
}
